github.com/wowchemy/wowchemy-hugo-modules/wowchemy v0.0.0-20201230224646-25e0b0627f09 h1:5Dxk6ndnHNdqqYqVYyLPhUr/crpvj+j1ZEVPeSEqrDw=
github.com/wowchemy/wowchemy-hugo-modules/wowchemy v0.0.0-20201230224646-25e0b0627f09/go.mod h1:H22qfH9qj3FWwsk7+bAZpmT24yRGNQURah2/IRwjbn8=
gitlab.pagedmedia.org/julientaq/pagedjs-hugo.git v0.0.0-20200721084918-50f4107ec487 h1:Athd3zAVEj8uS+bM61cyIwk2SZNAtHkjgLeTanok6xY=
gitlab.pagedmedia.org/julientaq/pagedjs-hugo.git v0.0.0-20200721084918-50f4107ec487/go.mod h1:t3hnGVKIHQqWp6M18yU+dePvTmSTJw+S9CYUN+wUYsc=
